
Microsoft Visual Studio Solution File, Format Version 12.00
# Visual Studio 15
VisualStudioVersion = 15.0.28307.757
MinimumVisualStudioVersion = 10.0.40219.1
Project("{FAE04EC0-301F-11D3-BF4B-00C04F79EFBC}") = "Insauf", "Insauf.csproj", "{CA47D88C-CF28-4ADB-8C32-6D9D3AB8761B}"
EndProject
Global
	GlobalSection(SolutionConfigurationPlatforms) = preSolution
		Debug|Any CPU = Debug|Any CPU
		Debug|x32 = Debug|x32
		Debug|x64 = Debug|x64
		Release|Any CPU = Release|Any CPU
		Release|x32 = Release|x32
		Release|x64 = Release|x64
	EndGlobalSection
	GlobalSection(ProjectConfigurationPlatforms) = postSolution
		{CA47D88C-CF28-4ADB-8C32-6D9D3AB8761B}.Debug|Any CPU.ActiveCfg = Debug|Any CPU
		{CA47D88C-CF28-4ADB-8C32-6D9D3AB8761B}.Debug|Any CPU.Build.0 = Debug|Any CPU
		{CA47D88C-CF28-4ADB-8C32-6D9D3AB8761B}.Debug|x32.ActiveCfg = Debug|Any CPU
		{CA47D88C-CF28-4ADB-8C32-6D9D3AB8761B}.Debug|x32.Build.0 = Debug|Any CPU
		{CA47D88C-CF28-4ADB-8C32-6D9D3AB8761B}.Debug|x64.ActiveCfg = Debug|x64
		{CA47D88C-CF28-4ADB-8C32-6D9D3AB8761B}.Debug|x64.Build.0 = Debug|x64
		{CA47D88C-CF28-4ADB-8C32-6D9D3AB8761B}.Release|Any CPU.ActiveCfg = Release|Any CPU
		{CA47D88C-CF28-4ADB-8C32-6D9D3AB8761B}.Release|Any CPU.Build.0 = Release|Any CPU
		{CA47D88C-CF28-4ADB-8C32-6D9D3AB8761B}.Release|x32.ActiveCfg = Release|Any CPU
		{CA47D88C-CF28-4ADB-8C32-6D9D3AB8761B}.Release|x32.Build.0 = Release|Any CPU
		{CA47D88C-CF28-4ADB-8C32-6D9D3AB8761B}.Release|x64.ActiveCfg = Release|x64
		{CA47D88C-CF28-4ADB-8C32-6D9D3AB8761B}.Release|x64.Build.0 = Release|x64
	EndGlobalSection
	GlobalSection(SolutionProperties) = preSolution
		HideSolutionNode = FALSE
	EndGlobalSection
	GlobalSection(ExtensibilityGlobals) = postSolution
		SolutionGuid = {0F3917CC-1431-4BD8-AAE3-557827FCED54}
	EndGlobalSection
EndGlobal
